// !$*UTF8*$!
{
	archiveVersion = 1;
	classes = {
	};
	objectVersion = 46;
	objects = {

/* Begin PBXBuildFile section */
		636E78BD1ACE43C100D99318 /* AppDelegate.swift in Sources */ = {isa = PBXBuildFile; fileRef = 636E78BC1ACE43C100D99318 /* AppDelegate.swift */; };
		636E78BF1ACE43C100D99318 /* ViewController.swift in Sources */ = {isa = PBXBuildFile; fileRef = 636E78BE1ACE43C100D99318 /* ViewController.swift */; };
		636E78C21ACE43C100D99318 /* Main.storyboard in Resources */ = {isa = PBXBuildFile; fileRef = 636E78C01ACE43C100D99318 /* Main.storyboard */; };
		636E78C41ACE43C100D99318 /* Images.xcassets in Resources */ = {isa = PBXBuildFile; fileRef = 636E78C31ACE43C100D99318 /* Images.xcassets */; };
		636E78C71ACE43C200D99318 /* LaunchScreen.xib in Resources */ = {isa = PBXBuildFile; fileRef = 636E78C51ACE43C200D99318 /* LaunchScreen.xib */; };
		636E78D31ACE43C200D99318 /* BeaconActive_SwiftTests.swift in Sources */ = {isa = PBXBuildFile; fileRef = 636E78D21ACE43C200D99318 /* BeaconActive_SwiftTests.swift */; };
		636E78DD1ACE8A4200D99318 /* SENLocationManager.swift in Sources */ = {isa = PBXBuildFile; fileRef = 636E78DC1ACE8A4200D99318 /* SENLocationManager.swift */; };
/* End PBXBuildFile section */

/* Begin PBXContainerItemProxy section */
		636E78CD1ACE43C200D99318 /* PBXContainerItemProxy */ = {
			isa = PBXContainerItemProxy;
			containerPortal = 636E78AF1ACE43C100D99318 /* Project object */;
			proxyType = 1;
			remoteGlobalIDString = 636E78B61ACE43C100D99318;
			remoteInfo = "BeaconActive-Swift";
		};
/* End PBXContainerItemProxy section */

/* Begin PBXFileReference section */
		636E78B71ACE43C100D99318 /* BeaconActive-Swift.app */ = {isa = PBXFileReference; explicitFileType = wrapper.application; includeInIndex = 0; path = "BeaconActive-Swift.app"; sourceTree = BUILT_PRODUCTS_DIR; };
		636E78BB1ACE43C100D99318 /* Info.plist */ = {isa = PBXFileReference; lastKnownFileType = text.plist.xml; path = Info.plist; sourceTree = "<group>"; };
		636E78BC1ACE43C100D99318 /* AppDelegate.swift */ = {isa = PBXFileReference; lastKnownFileType = sourcecode.swift; path = AppDelegate.swift; sourceTree = "<group>"; };
		636E78BE1ACE43C100D99318 /* ViewController.swift */ = {isa = PBXFileReference; lastKnownFileType = sourcecode.swift; path = ViewController.swift; sourceTree = "<group>"; };
		636E78C11ACE43C100D99318 /* Base */ = {isa = PBXFileReference; lastKnownFileType = file.storyboard; name = Base; path = Base.lproj/Main.storyboard; sourceTree = "<group>"; };
		636E78C31ACE43C100D99318 /* Images.xcassets */ = {isa = PBXFileReference; lastKnownFileType = folder.assetcatalog; path = Images.xcassets; sourceTree = "<group>"; };
		636E78C61ACE43C200D99318 /* Base */ = {isa = PBXFileReference; lastKnownFileType = file.xib; name = Base; path = Base.lproj/LaunchScreen.xib; sourceTree = "<group>"; };
		636E78CC1ACE43C200D99318 /* BeaconActive-SwiftTests.xctest */ = {isa = PBXFileReference; explicitFileType = wrapper.cfbundle; includeInIndex = 0; path = "BeaconActive-SwiftTests.xctest"; sourceTree = BUILT_PRODUCTS_DIR; };
		636E78D11ACE43C200D99318 /* Info.plist */ = {isa = PBXFileReference; lastKnownFileType = text.plist.xml; path = Info.plist; sourceTree = "<group>"; };
		636E78D21ACE43C200D99318 /* BeaconActive_SwiftTests.swift */ = {isa = PBXFileReference; lastKnownFileType = sourcecode.swift; path = BeaconActive_SwiftTests.swift; sourceTree = "<group>"; };
		636E78DC1ACE8A4200D99318 /* SENLocationManager.swift */ = {isa = PBXFileReference; fileEncoding = 4; lastKnownFileType = sourcecode.swift; path = SENLocationManager.swift; sourceTree = "<group>"; };
/* End PBXFileReference section */

/* Begin PBXFrameworksBuildPhase section */
		636E78B41ACE43C100D99318 /* Frameworks */ = {
			isa = PBXFrameworksBuildPhase;
			buildActionMask = 2147483647;
			files = (
			);
			runOnlyForDeploymentPostprocessing = 0;
		};
		636E78C91ACE43C200D99318 /* Frameworks */ = {
			isa = PBXFrameworksBuildPhase;
			buildActionMask = 2147483647;
			files = (
			);
			runOnlyForDeploymentPostprocessing = 0;
		};
/* End PBXFrameworksBuildPhase section */

/* Begin PBXGroup section */
		636E78AE1ACE43C100D99318 = {
			isa = PBXGroup;
			children = (
				636E78B91ACE43C100D99318 /* BeaconActive-Swift */,
				636E78CF1ACE43C200D99318 /* BeaconActive-SwiftTests */,
				636E78B81ACE43C100D99318 /* Products */,
			);
			sourceTree = "<group>";
		};
		636E78B81ACE43C100D99318 /* Products */ = {
			isa = PBXGroup;
			children = (
				636E78B71ACE43C100D99318 /* BeaconActive-Swift.app */,
				636E78CC1ACE43C200D99318 /* BeaconActive-SwiftTests.xctest */,
			);
			name = Products;
			sourceTree = "<group>";
		};
		636E78B91ACE43C100D99318 /* BeaconActive-Swift */ = {
			isa = PBXGroup;
			children = (
				636E78BC1ACE43C100D99318 /* AppDelegate.swift */,
				636E78BE1ACE43C100D99318 /* ViewController.swift */,
				636E78DC1ACE8A4200D99318 /* SENLocationManager.swift */,
				636E78C01ACE43C100D99318 /* Main.storyboard */,
				636E78C31ACE43C100D99318 /* Images.xcassets */,
				636E78C51ACE43C200D99318 /* LaunchScreen.xib */,
				636E78BA1ACE43C100D99318 /* Supporting Files */,
			);
			path = "BeaconActive-Swift";
			sourceTree = "<group>";
		};
		636E78BA1ACE43C100D99318 /* Supporting Files */ = {
			isa = PBXGroup;
			children = (
				636E78BB1ACE43C100D99318 /* Info.plist */,
			);
			name = "Supporting Files";
			sourceTree = "<group>";
		};
		636E78CF1ACE43C200D99318 /* BeaconActive-SwiftTests */ = {
			isa = PBXGroup;
			children = (
				636E78D21ACE43C200D99318 /* BeaconActive_SwiftTests.swift */,
				636E78D01ACE43C200D99318 /* Supporting Files */,
			);
			path = "BeaconActive-SwiftTests";
			sourceTree = "<group>";
		};
		636E78D01ACE43C200D99318 /* Supporting Files */ = {
			isa = PBXGroup;
			children = (
				636E78D11ACE43C200D99318 /* Info.plist */,
			);
			name = "Supporting Files";
			sourceTree = "<group>";
		};
/* End PBXGroup section */

/* Begin PBXNativeTarget section */
		636E78B61ACE43C100D99318 /* BeaconActive-Swift */ = {
			isa = PBXNativeTarget;
			buildConfigurationList = 636E78D61ACE43C200D99318 /* Build configuration list for PBXNativeTarget "BeaconActive-Swift" */;
			buildPhases = (
				636E78B31ACE43C100D99318 /* Sources */,
				636E78B41ACE43C100D99318 /* Frameworks */,
				636E78B51ACE43C100D99318 /* Resources */,
			);
			buildRules = (
			);
			dependencies = (
			);
			name = "BeaconActive-Swift";
			productName = "BeaconActive-Swift";
			productReference = 636E78B71ACE43C100D99318 /* BeaconActive-Swift.app */;
			productType = "com.apple.product-type.application";
		};
		636E78CB1ACE43C200D99318 /* BeaconActive-SwiftTests */ = {
			isa = PBXNativeTarget;
			buildConfigurationList = 636E78D91ACE43C200D99318 /* Build configuration list for PBXNativeTarget "BeaconActive-SwiftTests" */;
			buildPhases = (
				636E78C81ACE43C200D99318 /* Sources */,
				636E78C91ACE43C200D99318 /* Frameworks */,
				636E78CA1ACE43C200D99318 /* Resources */,
			);
			buildRules = (
			);
			dependencies = (
				636E78CE1ACE43C200D99318 /* PBXTargetDependency */,
			);
			name = "BeaconActive-SwiftTests";
			productName = "BeaconActive-SwiftTests";
			productReference = 636E78CC1ACE43C200D99318 /* BeaconActive-SwiftTests.xctest */;
			productType = "com.apple.product-type.bundle.unit-test";
		};
/* End PBXNativeTarget section */

/* Begin PBXProject section */
		636E78AF1ACE43C100D99318 /* Project object */ = {
			isa = PBXProject;
			attributes = {
				LastUpgradeCheck = 0620;
				ORGANIZATIONNAME = Sensoro;
				TargetAttributes = {
					636E78B61ACE43C100D99318 = {
						CreatedOnToolsVersion = 6.2;
						SystemCapabilities = {
							com.apple.BackgroundModes = {
								enabled = 0;
							};
						};
					};
					636E78CB1ACE43C200D99318 = {
						CreatedOnToolsVersion = 6.2;
						TestTargetID = 636E78B61ACE43C100D99318;
					};
				};
			};
			buildConfigurationList = 636E78B21ACE43C100D99318 /* Build configuration list for PBXProject "BeaconActive-Swift" */;
			compatibilityVersion = "Xcode 3.2";
			developmentRegion = English;
			hasScannedForEncodings = 0;
			knownRegions = (
				en,
				Base,
			);
			mainGroup = 636E78AE1ACE43C100D99318;
			productRefGroup = 636E78B81ACE43C100D99318 /* Products */;
			projectDirPath = "";
			projectRoot = "";
			targets = (
				636E78B61ACE43C100D99318 /* BeaconActive-Swift */,
				636E78CB1ACE43C200D99318 /* BeaconActive-SwiftTests */,
			);
		};
/* End PBXProject section */

/* Begin PBXResourcesBuildPhase section */
		636E78B51ACE43C100D99318 /* Resources */ = {
			isa = PBXResourcesBuildPhase;
			buildActionMask = 2147483647;
			files = (
				636E78C21ACE43C100D99318 /* Main.storyboard in Resources */,
				636E78C71ACE43C200D99318 /* LaunchScreen.xib in Resources */,
				636E78C41ACE43C100D99318 /* Images.xcassets in Resources */,
			);
			runOnlyForDeploymentPostprocessing = 0;
		};
		636E78CA1ACE43C200D99318 /* Resources */ = {
			isa = PBXResourcesBuildPhase;
			buildActionMask = 2147483647;
			files = (
			);
			runOnlyForDeploymentPostprocessing = 0;
		};
/* End PBXResourcesBuildPhase section */

/* Begin PBXSourcesBuildPhase section */
		636E78B31ACE43C100D99318 /* Sources */ = {
			isa = PBXSourcesBuildPhase;
			buildActionMask = 2147483647;
			files = (
				636E78BF1ACE43C100D99318 /* ViewController.swift in Sources */,
				636E78BD1ACE43C100D99318 /* AppDelegate.swift in Sources */,
				636E78DD1ACE8A4200D99318 /* SENLocationManager.swift in Sources */,
			);
			runOnlyForDeploymentPostprocessing = 0;
		};
		636E78C81ACE43C200D99318 /* Sources */ = {
			isa = PBXSourcesBuildPhase;
			buildActionMask = 2147483647;
			files = (
				636E78D31ACE43C200D99318 /* BeaconActive_SwiftTests.swift in Sources */,
			);
			runOnlyForDeploymentPostprocessing = 0;
		};
/* End PBXSourcesBuildPhase section */

/* Begin PBXTargetDependency section */
		636E78CE1ACE43C200D99318 /* PBXTargetDependency */ = {
			isa = PBXTargetDependency;
			target = 636E78B61ACE43C100D99318 /* BeaconActive-Swift */;
			targetProxy = 636E78CD1ACE43C200D99318 /* PBXContainerItemProxy */;
		};
/* End PBXTargetDependency section */

/* Begin PBXVariantGroup section */
		636E78C01ACE43C100D99318 /* Main.storyboard */ = {
			isa = PBXVariantGroup;
			children = (
				636E78C11ACE43C100D99318 /* Base */,
			);
			name = Main.storyboard;
			sourceTree = "<group>";
		};
		636E78C51ACE43C200D99318 /* LaunchScreen.xib */ = {
			isa = PBXVariantGroup;
			children = (
				636E78C61ACE43C200D99318 /* Base */,
			);
			name = LaunchScreen.xib;
			sourceTree = "<group>";
		};
/* End PBXVariantGroup section */

/* Begin XCBuildConfiguration section */
		636E78D41ACE43C200D99318 /* Debug */ = {
			isa = XCBuildConfiguration;
			buildSettings = {
				ALWAYS_SEARCH_USER_PATHS = NO;
				CLANG_CXX_LANGUAGE_STANDARD = "gnu++0x";
				CLANG_CXX_LIBRARY = "libc++";
				CLANG_ENABLE_MODULES = YES;
				CLANG_ENABLE_OBJC_ARC = YES;
				CLANG_WARN_BOOL_CONVERSION = YES;
				CLANG_WARN_CONSTANT_CONVERSION = YES;
				CLANG_WARN_DIRECT_OBJC_ISA_USAGE = YES_ERROR;
				CLANG_WARN_EMPTY_BODY = YES;
				CLANG_WARN_ENUM_CONVERSION = YES;
				CLANG_WARN_INT_CONVERSION = YES;
				CLANG_WARN_OBJC_ROOT_CLASS = YES_ERROR;
				CLANG_WARN_UNREACHABLE_CODE = YES;
				CLANG_WARN__DUPLICATE_METHOD_MATCH = YES;
				"CODE_SIGN_IDENTITY[sdk=iphoneos*]" = "iPhone Developer";
				COPY_PHASE_STRIP = NO;
				ENABLE_STRICT_OBJC_MSGSEND = YES;
				GCC_C_LANGUAGE_STANDARD = gnu99;
				GCC_DYNAMIC_NO_PIC = NO;
				GCC_OPTIMIZATION_LEVEL = 0;
				GCC_PREPROCESSOR_DEFINITIONS = (
					"DEBUG=1",
					"$(inherited)",
				);
				GCC_SYMBOLS_PRIVATE_EXTERN = NO;
				GCC_WARN_64_TO_32_BIT_CONVERSION = YES;
				GCC_WARN_ABOUT_RETURN_TYPE = YES_ERROR;
				GCC_WARN_UNDECLARED_SELECTOR = YES;
				GCC_WARN_UNINITIALIZED_AUTOS = YES_AGGRESSIVE;
				GCC_WARN_UNUSED_FUNCTION = YES;
				GCC_WARN_UNUSED_VARIABLE = YES;
				IPHONEOS_DEPLOYMENT_TARGET = 8.2;
				MTL_ENABLE_DEBUG_INFO = YES;
				ONLY_ACTIVE_ARCH = YES;
				SDKROOT = iphoneos;
				SWIFT_OPTIMIZATION_LEVEL = "-Onone";
			};
			name = Debug;
		};
		636E78D51ACE43C200D99318 /* Release */ = {
			isa = XCBuildConfiguration;
			buildSettings = {
				ALWAYS_SEARCH_USER_PATHS = NO;
				CLANG_CXX_LANGUAGE_STANDARD = "gnu++0x";
				CLANG_CXX_LIBRARY = "libc++";
				CLANG_ENABLE_MODULES = YES;
				CLANG_ENABLE_OBJC_ARC = YES;
				CLANG_WARN_BOOL_CONVERSION = YES;
				CLANG_WARN_CONSTANT_CONVERSION = YES;
				CLANG_WARN_DIRECT_OBJC_ISA_USAGE = YES_ERROR;
				CLANG_WARN_EMPTY_BODY = YES;
				CLANG_WARN_ENUM_CONVERSION = YES;
				CLANG_WARN_INT_CONVERSION = YES;
				CLANG_WARN_OBJC_ROOT_CLASS = YES_ERROR;
				CLANG_WARN_UNREACHABLE_CODE = YES;
				CLANG_WARN__DUPLICATE_METHOD_MATCH = YES;
				"CODE_SIGN_IDENTITY[sdk=iphoneos*]" = "iPhone Developer";
				COPY_PHASE_STRIP = NO;
				ENABLE_NS_ASSERTIONS = NO;
				ENABLE_STRICT_OBJC_MSGSEND = YES;
				GCC_C_LANGUAGE_STANDARD = gnu99;
				GCC_WARN_64_TO_32_BIT_CONVERSION = YES;
				GCC_WARN_ABOUT_RETURN_TYPE = YES_ERROR;
				GCC_WARN_UNDECLARED_SELECTOR = YES;
				GCC_WARN_UNINITIALIZED_AUTOS = YES_AGGRESSIVE;
				GCC_WARN_UNUSED_FUNCTION = YES;
				GCC_WARN_UNUSED_VARIABLE = YES;
				IPHONEOS_DEPLOYMENT_TARGET = 8.2;
				MTL_ENABLE_DEBUG_INFO = NO;
				SDKROOT = iphoneos;
				VALIDATE_PRODUCT = YES;
			};
			name = Release;
		};
		636E78D71ACE43C200D99318 /* Debug */ = {
			isa = XCBuildConfiguration;
			buildSettings = {
				ASSETCATALOG_COMPILER_APPICON_NAME = AppIcon;
				INFOPLIST_FILE = "BeaconActive-Swift/Info.plist";
				IPHONEOS_DEPLOYMENT_TARGET = 7.1;
				LD_RUNPATH_SEARCH_PATHS = "$(inherited) @executable_path/Frameworks";
				PRODUCT_NAME = "$(TARGET_NAME)";
			};
			name = Debug;
		};
		636E78D81ACE43C200D99318 /* Release */ = {
			isa = XCBuildConfiguration;
			buildSettings = {
				ASSETCATALOG_COMPILER_APPICON_NAME = AppIcon;
				INFOPLIST_FILE = "BeaconActive-Swift/Info.plist";
				IPHONEOS_DEPLOYMENT_TARGET = 7.1;
				LD_RUNPATH_SEARCH_PATHS = "$(inherited) @executable_path/Frameworks";
				PRODUCT_NAME = "$(TARGET_NAME)";
			};
			name = Release;
		};
		636E78DA1ACE43C200D99318 /* Debug */ = {
			isa = XCBuildConfiguration;
			buildSettings = {
				BUNDLE_LOADER = "$(TEST_HOST)";
				FRAMEWORK_SEARCH_PATHS = (
					"$(SDKROOT)/Developer/Library/Frameworks",
					"$(inherited)",
				);
				GCC_PREPROCESSOR_DEFINITIONS = (
					"DEBUG=1",
					"$(inherited)",
				);
				INFOPLIST_FILE = "BeaconActive-SwiftTests/Info.plist";
				LD_RUNPATH_SEARCH_PATHS = "$(inherited) @executable_path/Frameworks @loader_path/Frameworks";
				PRODUCT_NAME = "$(TARGET_NAME)";
				TEST_HOST = "$(BUILT_PRODUCTS_DIR)/BeaconActive-Swift.app/BeaconActive-Swift";
			};
			name = Debug;
		};
		636E78DB1ACE43C200D99318 /* Release */ = {
			isa = XCBuildConfiguration;
			buildSettings = {
				BUNDLE_LOADER = "$(TEST_HOST)";
				FRAMEWORK_SEARCH_PATHS = (
					"$(SDKROOT)/Developer/Library/Frameworks",
					"$(inherited)",
				);
				INFOPLIST_FILE = "BeaconActive-SwiftTests/Info.plist";
				LD_RUNPATH_SEARCH_PATHS = "$(inherited) @executable_path/Frameworks @loader_path/Frameworks";
				PRODUCT_NAME = "$(TARGET_NAME)";
				TEST_HOST = "$(BUILT_PRODUCTS_DIR)/BeaconActive-Swift.app/BeaconActive-Swift";
			};
			name = Release;
		};
/* End XCBuildConfiguration section */

/* Begin XCConfigurationList section */
		636E78B21ACE43C100D99318 /* Build configuration list for PBXProject "BeaconActive-Swift" */ = {
			isa = XCConfigurationList;
			buildConfigurations = (
				636E78D41ACE43C200D99318 /* Debug */,
				636E78D51ACE43C200D99318 /* Release */,
			);
			defaultConfigurationIsVisible = 0;
			defaultConfigurationName = Release;
		};
		636E78D61ACE43C200D99318 /* Build configuration list for PBXNativeTarget "BeaconActive-Swift" */ = {
			isa = XCConfigurationList;
			buildConfigurations = (
				636E78D71ACE43C200D99318 /* Debug */,
				636E78D81ACE43C200D99318 /* Release */,
			);
			defaultConfigurationIsVisible = 0;
			defaultConfigurationName = Release;
		};
		636E78D91ACE43C200D99318 /* Build configuration list for PBXNativeTarget "BeaconActive-SwiftTests" */ = {
			isa = XCConfigurationList;
			buildConfigurations = (
				636E78DA1ACE43C200D99318 /* Debug */,
				636E78DB1ACE43C200D99318 /* Release */,
			);
			defaultConfigurationIsVisible = 0;
			defaultConfigurationName = Release;
		};
/* End XCConfigurationList section */
	};
	rootObject = 636E78AF1ACE43C100D99318 /* Project object */;
}
